
Microsoft Visual Studio Solution File, Format Version 12.00
# Visual Studio Version 16
VisualStudioVersion = 16.0.29709.97
MinimumVisualStudioVersion = 10.0.40219.1
Project("{FAE04EC0-301F-11D3-BF4B-00C04F79EFBC}") = "EFCoreIdentityFramework", "EFCoreIdentityFramework\EFCoreIdentityFramework.csproj", "{02852FA4-CE99-4E67-9861-0412B0A1F156}"
EndProject
Global
	GlobalSection(SolutionConfigurationPlatforms) = preSolution
		Debug|Any CPU = Debug|Any CPU
		Release|Any CPU = Release|Any CPU
	EndGlobalSection
	GlobalSection(ProjectConfigurationPlatforms) = postSolution
		{02852FA4-CE99-4E67-9861-0412B0A1F156}.Debug|Any CPU.ActiveCfg = Debug|Any CPU
		{02852FA4-CE99-4E67-9861-0412B0A1F156}.Debug|Any CPU.Build.0 = Debug|Any CPU
		{02852FA4-CE99-4E67-9861-0412B0A1F156}.Release|Any CPU.ActiveCfg = Release|Any CPU
		{02852FA4-CE99-4E67-9861-0412B0A1F156}.Release|Any CPU.Build.0 = Release|Any CPU
	EndGlobalSection
	GlobalSection(SolutionProperties) = preSolution
		HideSolutionNode = FALSE
	EndGlobalSection
	GlobalSection(ExtensibilityGlobals) = postSolution
		SolutionGuid = {6E90868A-3AA4-4ABE-9293-3802C5A6C6A8}
	EndGlobalSection
EndGlobal
